
Microsoft Visual Studio Solution File, Format Version 12.00
# Visual Studio Version 17
VisualStudioVersion = 17.14.36203.30
MinimumVisualStudioVersion = 10.0.40219.1
Project("{FAE04EC0-301F-11D3-BF4B-00C04F79EFBC}") = "RInsolation", "RInsolation\RInsolation.csproj", "{DB93311F-FCBC-4B4F-81BE-B2D16B9CD9D3}"
EndProject
Global
	GlobalSection(SolutionConfigurationPlatforms) = preSolution
		Debug|Any CPU = Debug|Any CPU
		Release|Any CPU = Release|Any CPU
	EndGlobalSection
	GlobalSection(ProjectConfigurationPlatforms) = postSolution
		{DB93311F-FCBC-4B4F-81BE-B2D16B9CD9D3}.Debug|Any CPU.ActiveCfg = Debug|Any CPU
		{DB93311F-FCBC-4B4F-81BE-B2D16B9CD9D3}.Debug|Any CPU.Build.0 = Debug|Any CPU
		{DB93311F-FCBC-4B4F-81BE-B2D16B9CD9D3}.Release|Any CPU.ActiveCfg = Release|Any CPU
		{DB93311F-FCBC-4B4F-81BE-B2D16B9CD9D3}.Release|Any CPU.Build.0 = Release|Any CPU
	EndGlobalSection
	GlobalSection(SolutionProperties) = preSolution
		HideSolutionNode = FALSE
	EndGlobalSection
	GlobalSection(ExtensibilityGlobals) = postSolution
		SolutionGuid = {C7EA7F21-34CA-4E9C-A21C-5DFEAD14C06B}
	EndGlobalSection
EndGlobal
